
Microsoft Visual Studio Solution File, Format Version 12.00
# Visual Studio Version 17
VisualStudioVersion = 17.3.32901.215
MinimumVisualStudioVersion = 10.0.40219.1
Project("{FAE04EC0-301F-11D3-BF4B-00C04F79EFBC}") = "Find the Index of the First Occurrence in a String", "Find the Index of the First Occurrence in a String\Find the Index of the First Occurrence in a String.csproj", "{0527F34E-8EAD-450B-9425-9A5B8144E368}"
EndProject
Global
	GlobalSection(SolutionConfigurationPlatforms) = preSolution
		Debug|Any CPU = Debug|Any CPU
		Release|Any CPU = Release|Any CPU
	EndGlobalSection
	GlobalSection(ProjectConfigurationPlatforms) = postSolution
		{0527F34E-8EAD-450B-9425-9A5B8144E368}.Debug|Any CPU.ActiveCfg = Debug|Any CPU
		{0527F34E-8EAD-450B-9425-9A5B8144E368}.Debug|Any CPU.Build.0 = Debug|Any CPU
		{0527F34E-8EAD-450B-9425-9A5B8144E368}.Release|Any CPU.ActiveCfg = Release|Any CPU
		{0527F34E-8EAD-450B-9425-9A5B8144E368}.Release|Any CPU.Build.0 = Release|Any CPU
	EndGlobalSection
	GlobalSection(SolutionProperties) = preSolution
		HideSolutionNode = FALSE
	EndGlobalSection
	GlobalSection(ExtensibilityGlobals) = postSolution
		SolutionGuid = {4EECA2AD-350F-4C54-A18F-DB0F96708FE0}
	EndGlobalSection
EndGlobal
